
Microsoft Visual Studio Solution File, Format Version 12.00
# Visual Studio Version 17
VisualStudioVersion = 17.5.33516.290
MinimumVisualStudioVersion = 10.0.40219.1
Project("{FAE04EC0-301F-11D3-BF4B-00C04F79EFBC}") = "Application", "Application\Application.csproj", "{CA791EF4-3D44-4B84-A957-F96C2BCC6F8F}"
EndProject
Project("{FAE04EC0-301F-11D3-BF4B-00C04F79EFBC}") = "Domain", "Domain\Domain.csproj", "{40DA402D-AC24-4341-845A-DFCCEACF2666}"
EndProject
Project("{FAE04EC0-301F-11D3-BF4B-00C04F79EFBC}") = "Persistence", "Persistence\Persistence.csproj", "{D183DA08-3E59-4F78-8EA0-2AE45278CFD5}"
EndProject
Project("{FAE04EC0-301F-11D3-BF4B-00C04F79EFBC}") = "WebAPI", "WebAPI\WebAPI.csproj", "{F357A9D9-5DE2-478C-BA78-1756A23F97B2}"
EndProject
Global
	GlobalSection(SolutionConfigurationPlatforms) = preSolution
		Debug|Any CPU = Debug|Any CPU
		Release|Any CPU = Release|Any CPU
	EndGlobalSection
	GlobalSection(ProjectConfigurationPlatforms) = postSolution
		{CA791EF4-3D44-4B84-A957-F96C2BCC6F8F}.Debug|Any CPU.ActiveCfg = Debug|Any CPU
		{CA791EF4-3D44-4B84-A957-F96C2BCC6F8F}.Debug|Any CPU.Build.0 = Debug|Any CPU
		{CA791EF4-3D44-4B84-A957-F96C2BCC6F8F}.Release|Any CPU.ActiveCfg = Release|Any CPU
		{CA791EF4-3D44-4B84-A957-F96C2BCC6F8F}.Release|Any CPU.Build.0 = Release|Any CPU
		{40DA402D-AC24-4341-845A-DFCCEACF2666}.Debug|Any CPU.ActiveCfg = Debug|Any CPU
		{40DA402D-AC24-4341-845A-DFCCEACF2666}.Debug|Any CPU.Build.0 = Debug|Any CPU
		{40DA402D-AC24-4341-845A-DFCCEACF2666}.Release|Any CPU.ActiveCfg = Release|Any CPU
		{40DA402D-AC24-4341-845A-DFCCEACF2666}.Release|Any CPU.Build.0 = Release|Any CPU
		{D183DA08-3E59-4F78-8EA0-2AE45278CFD5}.Debug|Any CPU.ActiveCfg = Debug|Any CPU
		{D183DA08-3E59-4F78-8EA0-2AE45278CFD5}.Debug|Any CPU.Build.0 = Debug|Any CPU
		{D183DA08-3E59-4F78-8EA0-2AE45278CFD5}.Release|Any CPU.ActiveCfg = Release|Any CPU
		{D183DA08-3E59-4F78-8EA0-2AE45278CFD5}.Release|Any CPU.Build.0 = Release|Any CPU
		{F357A9D9-5DE2-478C-BA78-1756A23F97B2}.Debug|Any CPU.ActiveCfg = Debug|Any CPU
		{F357A9D9-5DE2-478C-BA78-1756A23F97B2}.Debug|Any CPU.Build.0 = Debug|Any CPU
		{F357A9D9-5DE2-478C-BA78-1756A23F97B2}.Release|Any CPU.ActiveCfg = Release|Any CPU
		{F357A9D9-5DE2-478C-BA78-1756A23F97B2}.Release|Any CPU.Build.0 = Release|Any CPU
	EndGlobalSection
	GlobalSection(SolutionProperties) = preSolution
		HideSolutionNode = FALSE
	EndGlobalSection
	GlobalSection(ExtensibilityGlobals) = postSolution
		SolutionGuid = {2F58C193-8D42-49A0-929D-28E7C13D391B}
	EndGlobalSection
EndGlobal
